<?xml version="1.0" encoding="utf-8"?>
<Project ToolsVersion="4.0" xmlns="http://schemas.microsoft.com/developer/msbuild/2003">
  <ItemGroup>
    <Filter Include="math">
      <UniqueIdentifier>{CF809A7C-BBB7-9B0D-64A4-811050BA170F}</UniqueIdentifier>
    </Filter>
  </ItemGroup>
  <ItemGroup>
    <ClInclude Include="src\Object.h" />
    <ClInclude Include="src\RadRenderer.h" />
    <ClInclude Include="src\RendererSettings.h" />
    <ClInclude Include="src\Window.h" />
    <ClInclude Include="src\math\Matrix.h">
      <Filter>math</Filter>
    </ClInclude>
    <ClInclude Include="src\math\Vector.h">
      <Filter>math</Filter>
    </ClInclude>
    <ClInclude Include="src\pch.h" />
  </ItemGroup>
  <ItemGroup>
    <ClCompile Include="src\Object.cpp" />
    <ClCompile Include="src\RadRenderer.cpp" />
    <ClCompile Include="src\Window.cpp" />
    <ClCompile Include="src\main.cpp" />
    <ClCompile Include="src\pch.cpp" />
  </ItemGroup>
</Project>