<?xml version="1.0" encoding="utf-8"?>
<Project ToolsVersion="4.0" xmlns="http://schemas.microsoft.com/developer/msbuild/2003">
  <ItemGroup>
    <Filter Include="core">
      <UniqueIdentifier>{4E40957C-3A77-960D-E363-7C10CF79120F}</UniqueIdentifier>
    </Filter>
    <Filter Include="math">
      <UniqueIdentifier>{CF809A7C-BBB7-9B0D-64A4-811050BA170F}</UniqueIdentifier>
    </Filter>
  </ItemGroup>
  <ItemGroup>
    <ClInclude Include="src\core\Object.h">
      <Filter>core</Filter>
    </ClInclude>
    <ClInclude Include="src\core\RadRenderer.h">
      <Filter>core</Filter>
    </ClInclude>
    <ClInclude Include="src\core\RendererSettings.h">
      <Filter>core</Filter>
    </ClInclude>
    <ClInclude Include="src\core\Window.h">
      <Filter>core</Filter>
    </ClInclude>
    <ClInclude Include="src\math\Matrix.h">
      <Filter>math</Filter>
    </ClInclude>
    <ClInclude Include="src\math\Vector.h">
      <Filter>math</Filter>
    </ClInclude>
    <ClInclude Include="src\pch.h" />
    <ClInclude Include="src\core\Camera.h" />
  </ItemGroup>
  <ItemGroup>
    <ClCompile Include="src\core\Object.cpp">
      <Filter>core</Filter>
    </ClCompile>
    <ClCompile Include="src\core\RadRenderer.cpp">
      <Filter>core</Filter>
    </ClCompile>
    <ClCompile Include="src\core\Window.cpp">
      <Filter>core</Filter>
    </ClCompile>
    <ClCompile Include="src\main.cpp" />
    <ClCompile Include="src\pch.cpp" />
    <ClCompile Include="src\core\Camera.cpp" />
  </ItemGroup>
</Project>